
Microsoft Visual Studio Solution File, Format Version 12.00
# Visual Studio 2012
Project("{FAE04EC0-301F-11D3-BF4B-00C04F79EFBC}") = "LEther", "LEther\LEther.csproj", "{8CE57EE7-A835-4861-AAA1-7CE224C0378D}"
EndProject
Project("{FAE04EC0-301F-11D3-BF4B-00C04F79EFBC}") = "test", "test\test.csproj", "{EEC8D1A9-0B86-4EDF-A4F8-0DC978B8CAA3}"
EndProject
Global
	GlobalSection(SolutionConfigurationPlatforms) = preSolution
		Debug|Any CPU = Debug|Any CPU
		Release|Any CPU = Release|Any CPU
	EndGlobalSection
	GlobalSection(ProjectConfigurationPlatforms) = postSolution
		{8CE57EE7-A835-4861-AAA1-7CE224C0378D}.Debug|Any CPU.ActiveCfg = Debug|Any CPU
		{8CE57EE7-A835-4861-AAA1-7CE224C0378D}.Debug|Any CPU.Build.0 = Debug|Any CPU
		{8CE57EE7-A835-4861-AAA1-7CE224C0378D}.Debug|Any CPU.Deploy.0 = Debug|Any CPU
		{8CE57EE7-A835-4861-AAA1-7CE224C0378D}.Release|Any CPU.ActiveCfg = Release|Any CPU
		{8CE57EE7-A835-4861-AAA1-7CE224C0378D}.Release|Any CPU.Build.0 = Release|Any CPU
		{8CE57EE7-A835-4861-AAA1-7CE224C0378D}.Release|Any CPU.Deploy.0 = Release|Any CPU
		{EEC8D1A9-0B86-4EDF-A4F8-0DC978B8CAA3}.Debug|Any CPU.ActiveCfg = Debug|Any CPU
		{EEC8D1A9-0B86-4EDF-A4F8-0DC978B8CAA3}.Debug|Any CPU.Build.0 = Debug|Any CPU
		{EEC8D1A9-0B86-4EDF-A4F8-0DC978B8CAA3}.Debug|Any CPU.Deploy.0 = Debug|Any CPU
		{EEC8D1A9-0B86-4EDF-A4F8-0DC978B8CAA3}.Release|Any CPU.ActiveCfg = Release|Any CPU
		{EEC8D1A9-0B86-4EDF-A4F8-0DC978B8CAA3}.Release|Any CPU.Build.0 = Release|Any CPU
		{EEC8D1A9-0B86-4EDF-A4F8-0DC978B8CAA3}.Release|Any CPU.Deploy.0 = Release|Any CPU
	EndGlobalSection
	GlobalSection(SolutionProperties) = preSolution
		HideSolutionNode = FALSE
	EndGlobalSection
EndGlobal
